// !$*UTF8*$!
{
	archiveVersion = 1;
	classes = {
	};
	objectVersion = 56;
	objects = {

/* Begin PBXBuildFile section */
		3F60411A2ADEA09B0000E25C /* Lab4App.swift in Sources */ = {isa = PBXBuildFile; fileRef = 3F6041192ADEA09B0000E25C /* Lab4App.swift */; };
		3F60411C2ADEA09B0000E25C /* ContentView.swift in Sources */ = {isa = PBXBuildFile; fileRef = 3F60411B2ADEA09B0000E25C /* ContentView.swift */; };
		3F60411E2ADEA09D0000E25C /* Assets.xcassets in Resources */ = {isa = PBXBuildFile; fileRef = 3F60411D2ADEA09D0000E25C /* Assets.xcassets */; };
		3F6041212ADEA09D0000E25C /* Preview Assets.xcassets in Resources */ = {isa = PBXBuildFile; fileRef = 3F6041202ADEA09D0000E25C /* Preview Assets.xcassets */; };
		3F60412B2ADEA09D0000E25C /* Lab4Tests.swift in Sources */ = {isa = PBXBuildFile; fileRef = 3F60412A2ADEA09D0000E25C /* Lab4Tests.swift */; };
		3F6041352ADEA09D0000E25C /* Lab4UITests.swift in Sources */ = {isa = PBXBuildFile; fileRef = 3F6041342ADEA09D0000E25C /* Lab4UITests.swift */; };
		3F6041372ADEA09D0000E25C /* Lab4UITestsLaunchTests.swift in Sources */ = {isa = PBXBuildFile; fileRef = 3F6041362ADEA09D0000E25C /* Lab4UITestsLaunchTests.swift */; };
/* End PBXBuildFile section */

/* Begin PBXContainerItemProxy section */
		3F6041272ADEA09D0000E25C /* PBXContainerItemProxy */ = {
			isa = PBXContainerItemProxy;
			containerPortal = 3F60410E2ADEA09B0000E25C /* Project object */;
			proxyType = 1;
			remoteGlobalIDString = 3F6041152ADEA09B0000E25C;
			remoteInfo = Lab4;
		};
		3F6041312ADEA09D0000E25C /* PBXContainerItemProxy */ = {
			isa = PBXContainerItemProxy;
			containerPortal = 3F60410E2ADEA09B0000E25C /* Project object */;
			proxyType = 1;
			remoteGlobalIDString = 3F6041152ADEA09B0000E25C;
			remoteInfo = Lab4;
		};
/* End PBXContainerItemProxy section */

/* Begin PBXFileReference section */
		3F6041162ADEA09B0000E25C /* Lab4.app */ = {isa = PBXFileReference; explicitFileType = wrapper.application; includeInIndex = 0; path = Lab4.app; sourceTree = BUILT_PRODUCTS_DIR; };
		3F6041192ADEA09B0000E25C /* Lab4App.swift */ = {isa = PBXFileReference; lastKnownFileType = sourcecode.swift; path = Lab4App.swift; sourceTree = "<group>"; };
		3F60411B2ADEA09B0000E25C /* ContentView.swift */ = {isa = PBXFileReference; lastKnownFileType = sourcecode.swift; path = ContentView.swift; sourceTree = "<group>"; };
		3F60411D2ADEA09D0000E25C /* Assets.xcassets */ = {isa = PBXFileReference; lastKnownFileType = folder.assetcatalog; path = Assets.xcassets; sourceTree = "<group>"; };
		3F6041202ADEA09D0000E25C /* Preview Assets.xcassets */ = {isa = PBXFileReference; lastKnownFileType = folder.assetcatalog; path = "Preview Assets.xcassets"; sourceTree = "<group>"; };
		3F6041262ADEA09D0000E25C /* Lab4Tests.xctest */ = {isa = PBXFileReference; explicitFileType = wrapper.cfbundle; includeInIndex = 0; path = Lab4Tests.xctest; sourceTree = BUILT_PRODUCTS_DIR; };
		3F60412A2ADEA09D0000E25C /* Lab4Tests.swift */ = {isa = PBXFileReference; lastKnownFileType = sourcecode.swift; path = Lab4Tests.swift; sourceTree = "<group>"; };
		3F6041302ADEA09D0000E25C /* Lab4UITests.xctest */ = {isa = PBXFileReference; explicitFileType = wrapper.cfbundle; includeInIndex = 0; path = Lab4UITests.xctest; sourceTree = BUILT_PRODUCTS_DIR; };
		3F6041342ADEA09D0000E25C /* Lab4UITests.swift */ = {isa = PBXFileReference; lastKnownFileType = sourcecode.swift; path = Lab4UITests.swift; sourceTree = "<group>"; };
		3F6041362ADEA09D0000E25C /* Lab4UITestsLaunchTests.swift */ = {isa = PBXFileReference; lastKnownFileType = sourcecode.swift; path = Lab4UITestsLaunchTests.swift; sourceTree = "<group>"; };
/* End PBXFileReference section */

/* Begin PBXFrameworksBuildPhase section */
		3F6041132ADEA09B0000E25C /* Frameworks */ = {
			isa = PBXFrameworksBuildPhase;
			buildActionMask = 2147483647;
			files = (
			);
			runOnlyForDeploymentPostprocessing = 0;
		};
		3F6041232ADEA09D0000E25C /* Frameworks */ = {
			isa = PBXFrameworksBuildPhase;
			buildActionMask = 2147483647;
			files = (
			);
			runOnlyForDeploymentPostprocessing = 0;
		};
		3F60412D2ADEA09D0000E25C /* Frameworks */ = {
			isa = PBXFrameworksBuildPhase;
			buildActionMask = 2147483647;
			files = (
			);
			runOnlyForDeploymentPostprocessing = 0;
		};
/* End PBXFrameworksBuildPhase section */

/* Begin PBXGroup section */
		3F60410D2ADEA09B0000E25C = {
			isa = PBXGroup;
			children = (
				3F6041182ADEA09B0000E25C /* Lab4 */,
				3F6041292ADEA09D0000E25C /* Lab4Tests */,
				3F6041332ADEA09D0000E25C /* Lab4UITests */,
				3F6041172ADEA09B0000E25C /* Products */,
			);
			sourceTree = "<group>";
		};
		3F6041172ADEA09B0000E25C /* Products */ = {
			isa = PBXGroup;
			children = (
				3F6041162ADEA09B0000E25C /* Lab4.app */,
				3F6041262ADEA09D0000E25C /* Lab4Tests.xctest */,
				3F6041302ADEA09D0000E25C /* Lab4UITests.xctest */,
			);
			name = Products;
			sourceTree = "<group>";
		};
		3F6041182ADEA09B0000E25C /* Lab4 */ = {
			isa = PBXGroup;
			children = (
				3F6041192ADEA09B0000E25C /* Lab4App.swift */,
				3F60411B2ADEA09B0000E25C /* ContentView.swift */,
				3F60411D2ADEA09D0000E25C /* Assets.xcassets */,
				3F60411F2ADEA09D0000E25C /* Preview Content */,
			);
			path = Lab4;
			sourceTree = "<group>";
		};
		3F60411F2ADEA09D0000E25C /* Preview Content */ = {
			isa = PBXGroup;
			children = (
				3F6041202ADEA09D0000E25C /* Preview Assets.xcassets */,
			);
			path = "Preview Content";
			sourceTree = "<group>";
		};
		3F6041292ADEA09D0000E25C /* Lab4Tests */ = {
			isa = PBXGroup;
			children = (
				3F60412A2ADEA09D0000E25C /* Lab4Tests.swift */,
			);
			path = Lab4Tests;
			sourceTree = "<group>";
		};
		3F6041332ADEA09D0000E25C /* Lab4UITests */ = {
			isa = PBXGroup;
			children = (
				3F6041342ADEA09D0000E25C /* Lab4UITests.swift */,
				3F6041362ADEA09D0000E25C /* Lab4UITestsLaunchTests.swift */,
			);
			path = Lab4UITests;
			sourceTree = "<group>";
		};
/* End PBXGroup section */

/* Begin PBXNativeTarget section */
		3F6041152ADEA09B0000E25C /* Lab4 */ = {
			isa = PBXNativeTarget;
			buildConfigurationList = 3F60413A2ADEA09D0000E25C /* Build configuration list for PBXNativeTarget "Lab4" */;
			buildPhases = (
				3F6041122ADEA09B0000E25C /* Sources */,
				3F6041132ADEA09B0000E25C /* Frameworks */,
				3F6041142ADEA09B0000E25C /* Resources */,
			);
			buildRules = (
			);
			dependencies = (
			);
			name = Lab4;
			productName = Lab4;
			productReference = 3F6041162ADEA09B0000E25C /* Lab4.app */;
			productType = "com.apple.product-type.application";
		};
		3F6041252ADEA09D0000E25C /* Lab4Tests */ = {
			isa = PBXNativeTarget;
			buildConfigurationList = 3F60413D2ADEA09D0000E25C /* Build configuration list for PBXNativeTarget "Lab4Tests" */;
			buildPhases = (
				3F6041222ADEA09D0000E25C /* Sources */,
				3F6041232ADEA09D0000E25C /* Frameworks */,
				3F6041242ADEA09D0000E25C /* Resources */,
			);
			buildRules = (
			);
			dependencies = (
				3F6041282ADEA09D0000E25C /* PBXTargetDependency */,
			);
			name = Lab4Tests;
			productName = Lab4Tests;
			productReference = 3F6041262ADEA09D0000E25C /* Lab4Tests.xctest */;
			productType = "com.apple.product-type.bundle.unit-test";
		};
		3F60412F2ADEA09D0000E25C /* Lab4UITests */ = {
			isa = PBXNativeTarget;
			buildConfigurationList = 3F6041402ADEA09D0000E25C /* Build configuration list for PBXNativeTarget "Lab4UITests" */;
			buildPhases = (
				3F60412C2ADEA09D0000E25C /* Sources */,
				3F60412D2ADEA09D0000E25C /* Frameworks */,
				3F60412E2ADEA09D0000E25C /* Resources */,
			);
			buildRules = (
			);
			dependencies = (
				3F6041322ADEA09D0000E25C /* PBXTargetDependency */,
			);
			name = Lab4UITests;
			productName = Lab4UITests;
			productReference = 3F6041302ADEA09D0000E25C /* Lab4UITests.xctest */;
			productType = "com.apple.product-type.bundle.ui-testing";
		};
/* End PBXNativeTarget section */

/* Begin PBXProject section */
		3F60410E2ADEA09B0000E25C /* Project object */ = {
			isa = PBXProject;
			attributes = {
				BuildIndependentTargetsInParallel = 1;
				LastSwiftUpdateCheck = 1500;
				LastUpgradeCheck = 1500;
				TargetAttributes = {
					3F6041152ADEA09B0000E25C = {
						CreatedOnToolsVersion = 15.0;
					};
					3F6041252ADEA09D0000E25C = {
						CreatedOnToolsVersion = 15.0;
						TestTargetID = 3F6041152ADEA09B0000E25C;
					};
					3F60412F2ADEA09D0000E25C = {
						CreatedOnToolsVersion = 15.0;
						TestTargetID = 3F6041152ADEA09B0000E25C;
					};
				};
			};
			buildConfigurationList = 3F6041112ADEA09B0000E25C /* Build configuration list for PBXProject "Lab4" */;
			compatibilityVersion = "Xcode 14.0";
			developmentRegion = en;
			hasScannedForEncodings = 0;
			knownRegions = (
				en,
				Base,
			);
			mainGroup = 3F60410D2ADEA09B0000E25C;
			productRefGroup = 3F6041172ADEA09B0000E25C /* Products */;
			projectDirPath = "";
			projectRoot = "";
			targets = (
				3F6041152ADEA09B0000E25C /* Lab4 */,
				3F6041252ADEA09D0000E25C /* Lab4Tests */,
				3F60412F2ADEA09D0000E25C /* Lab4UITests */,
			);
		};
/* End PBXProject section */

/* Begin PBXResourcesBuildPhase section */
		3F6041142ADEA09B0000E25C /* Resources */ = {
			isa = PBXResourcesBuildPhase;
			buildActionMask = 2147483647;
			files = (
				3F6041212ADEA09D0000E25C /* Preview Assets.xcassets in Resources */,
				3F60411E2ADEA09D0000E25C /* Assets.xcassets in Resources */,
			);
			runOnlyForDeploymentPostprocessing = 0;
		};
		3F6041242ADEA09D0000E25C /* Resources */ = {
			isa = PBXResourcesBuildPhase;
			buildActionMask = 2147483647;
			files = (
			);
			runOnlyForDeploymentPostprocessing = 0;
		};
		3F60412E2ADEA09D0000E25C /* Resources */ = {
			isa = PBXResourcesBuildPhase;
			buildActionMask = 2147483647;
			files = (
			);
			runOnlyForDeploymentPostprocessing = 0;
		};
/* End PBXResourcesBuildPhase section */

/* Begin PBXSourcesBuildPhase section */
		3F6041122ADEA09B0000E25C /* Sources */ = {
			isa = PBXSourcesBuildPhase;
			buildActionMask = 2147483647;
			files = (
				3F60411C2ADEA09B0000E25C /* ContentView.swift in Sources */,
				3F60411A2ADEA09B0000E25C /* Lab4App.swift in Sources */,
			);
			runOnlyForDeploymentPostprocessing = 0;
		};
		3F6041222ADEA09D0000E25C /* Sources */ = {
			isa = PBXSourcesBuildPhase;
			buildActionMask = 2147483647;
			files = (
				3F60412B2ADEA09D0000E25C /* Lab4Tests.swift in Sources */,
			);
			runOnlyForDeploymentPostprocessing = 0;
		};
		3F60412C2ADEA09D0000E25C /* Sources */ = {
			isa = PBXSourcesBuildPhase;
			buildActionMask = 2147483647;
			files = (
				3F6041352ADEA09D0000E25C /* Lab4UITests.swift in Sources */,
				3F6041372ADEA09D0000E25C /* Lab4UITestsLaunchTests.swift in Sources */,
			);
			runOnlyForDeploymentPostprocessing = 0;
		};
/* End PBXSourcesBuildPhase section */

/* Begin PBXTargetDependency section */
		3F6041282ADEA09D0000E25C /* PBXTargetDependency */ = {
			isa = PBXTargetDependency;
			target = 3F6041152ADEA09B0000E25C /* Lab4 */;
			targetProxy = 3F6041272ADEA09D0000E25C /* PBXContainerItemProxy */;
		};
		3F6041322ADEA09D0000E25C /* PBXTargetDependency */ = {
			isa = PBXTargetDependency;
			target = 3F6041152ADEA09B0000E25C /* Lab4 */;
			targetProxy = 3F6041312ADEA09D0000E25C /* PBXContainerItemProxy */;
		};
/* End PBXTargetDependency section */

/* Begin XCBuildConfiguration section */
		3F6041382ADEA09D0000E25C /* Debug */ = {
			isa = XCBuildConfiguration;
			buildSettings = {
				ALWAYS_SEARCH_USER_PATHS = NO;
				ASSETCATALOG_COMPILER_GENERATE_SWIFT_ASSET_SYMBOL_EXTENSIONS = YES;
				CLANG_ANALYZER_NONNULL = YES;
				CLANG_ANALYZER_NUMBER_OBJECT_CONVERSION = YES_AGGRESSIVE;
				CLANG_CXX_LANGUAGE_STANDARD = "gnu++20";
				CLANG_ENABLE_MODULES = YES;
				CLANG_ENABLE_OBJC_ARC = YES;
				CLANG_ENABLE_OBJC_WEAK = YES;
				CLANG_WARN_BLOCK_CAPTURE_AUTORELEASING = YES;
				CLANG_WARN_BOOL_CONVERSION = YES;
				CLANG_WARN_COMMA = YES;
				CLANG_WARN_CONSTANT_CONVERSION = YES;
				CLANG_WARN_DEPRECATED_OBJC_IMPLEMENTATIONS = YES;
				CLANG_WARN_DIRECT_OBJC_ISA_USAGE = YES_ERROR;
				CLANG_WARN_DOCUMENTATION_COMMENTS = YES;
				CLANG_WARN_EMPTY_BODY = YES;
				CLANG_WARN_ENUM_CONVERSION = YES;
				CLANG_WARN_INFINITE_RECURSION = YES;
				CLANG_WARN_INT_CONVERSION = YES;
				CLANG_WARN_NON_LITERAL_NULL_CONVERSION = YES;
				CLANG_WARN_OBJC_IMPLICIT_RETAIN_SELF = YES;
				CLANG_WARN_OBJC_LITERAL_CONVERSION = YES;
				CLANG_WARN_OBJC_ROOT_CLASS = YES_ERROR;
				CLANG_WARN_QUOTED_INCLUDE_IN_FRAMEWORK_HEADER = YES;
				CLANG_WARN_RANGE_LOOP_ANALYSIS = YES;
				CLANG_WARN_STRICT_PROTOTYPES = YES;
				CLANG_WARN_SUSPICIOUS_MOVE = YES;
				CLANG_WARN_UNGUARDED_AVAILABILITY = YES_AGGRESSIVE;
				CLANG_WARN_UNREACHABLE_CODE = YES;
				CLANG_WARN__DUPLICATE_METHOD_MATCH = YES;
				COPY_PHASE_STRIP = NO;
				DEBUG_INFORMATION_FORMAT = dwarf;
				ENABLE_STRICT_OBJC_MSGSEND = YES;
				ENABLE_TESTABILITY = YES;
				ENABLE_USER_SCRIPT_SANDBOXING = YES;
				GCC_C_LANGUAGE_STANDARD = gnu17;
				GCC_DYNAMIC_NO_PIC = NO;
				GCC_NO_COMMON_BLOCKS = YES;
				GCC_OPTIMIZATION_LEVEL = 0;
				GCC_PREPROCESSOR_DEFINITIONS = (
					"DEBUG=1",
					"$(inherited)",
				);
				GCC_WARN_64_TO_32_BIT_CONVERSION = YES;
				GCC_WARN_ABOUT_RETURN_TYPE = YES_ERROR;
				GCC_WARN_UNDECLARED_SELECTOR = YES;
				GCC_WARN_UNINITIALIZED_AUTOS = YES_AGGRESSIVE;
				GCC_WARN_UNUSED_FUNCTION = YES;
				GCC_WARN_UNUSED_VARIABLE = YES;
				IPHONEOS_DEPLOYMENT_TARGET = 17.0;
				LOCALIZATION_PREFERS_STRING_CATALOGS = YES;
				MTL_ENABLE_DEBUG_INFO = INCLUDE_SOURCE;
				MTL_FAST_MATH = YES;
				ONLY_ACTIVE_ARCH = YES;
				SDKROOT = iphoneos;
				SWIFT_ACTIVE_COMPILATION_CONDITIONS = "DEBUG $(inherited)";
				SWIFT_OPTIMIZATION_LEVEL = "-Onone";
			};
			name = Debug;
		};
		3F6041392ADEA09D0000E25C /* Release */ = {
			isa = XCBuildConfiguration;
			buildSettings = {
				ALWAYS_SEARCH_USER_PATHS = NO;
				ASSETCATALOG_COMPILER_GENERATE_SWIFT_ASSET_SYMBOL_EXTENSIONS = YES;
				CLANG_ANALYZER_NONNULL = YES;
				CLANG_ANALYZER_NUMBER_OBJECT_CONVERSION = YES_AGGRESSIVE;
				CLANG_CXX_LANGUAGE_STANDARD = "gnu++20";
				CLANG_ENABLE_MODULES = YES;
				CLANG_ENABLE_OBJC_ARC = YES;
				CLANG_ENABLE_OBJC_WEAK = YES;
				CLANG_WARN_BLOCK_CAPTURE_AUTORELEASING = YES;
				CLANG_WARN_BOOL_CONVERSION = YES;
				CLANG_WARN_COMMA = YES;
				CLANG_WARN_CONSTANT_CONVERSION = YES;
				CLANG_WARN_DEPRECATED_OBJC_IMPLEMENTATIONS = YES;
				CLANG_WARN_DIRECT_OBJC_ISA_USAGE = YES_ERROR;
				CLANG_WARN_DOCUMENTATION_COMMENTS = YES;
				CLANG_WARN_EMPTY_BODY = YES;
				CLANG_WARN_ENUM_CONVERSION = YES;
				CLANG_WARN_INFINITE_RECURSION = YES;
				CLANG_WARN_INT_CONVERSION = YES;
				CLANG_WARN_NON_LITERAL_NULL_CONVERSION = YES;
				CLANG_WARN_OBJC_IMPLICIT_RETAIN_SELF = YES;
				CLANG_WARN_OBJC_LITERAL_CONVERSION = YES;
				CLANG_WARN_OBJC_ROOT_CLASS = YES_ERROR;
				CLANG_WARN_QUOTED_INCLUDE_IN_FRAMEWORK_HEADER = YES;
				CLANG_WARN_RANGE_LOOP_ANALYSIS = YES;
				CLANG_WARN_STRICT_PROTOTYPES = YES;
				CLANG_WARN_SUSPICIOUS_MOVE = YES;
				CLANG_WARN_UNGUARDED_AVAILABILITY = YES_AGGRESSIVE;
				CLANG_WARN_UNREACHABLE_CODE = YES;
				CLANG_WARN__DUPLICATE_METHOD_MATCH = YES;
				COPY_PHASE_STRIP = NO;
				DEBUG_INFORMATION_FORMAT = "dwarf-with-dsym";
				ENABLE_NS_ASSERTIONS = NO;
				ENABLE_STRICT_OBJC_MSGSEND = YES;
				ENABLE_USER_SCRIPT_SANDBOXING = YES;
				GCC_C_LANGUAGE_STANDARD = gnu17;
				GCC_NO_COMMON_BLOCKS = YES;
				GCC_WARN_64_TO_32_BIT_CONVERSION = YES;
				GCC_WARN_ABOUT_RETURN_TYPE = YES_ERROR;
				GCC_WARN_UNDECLARED_SELECTOR = YES;
				GCC_WARN_UNINITIALIZED_AUTOS = YES_AGGRESSIVE;
				GCC_WARN_UNUSED_FUNCTION = YES;
				GCC_WARN_UNUSED_VARIABLE = YES;
				IPHONEOS_DEPLOYMENT_TARGET = 17.0;
				LOCALIZATION_PREFERS_STRING_CATALOGS = YES;
				MTL_ENABLE_DEBUG_INFO = NO;
				MTL_FAST_MATH = YES;
				SDKROOT = iphoneos;
				SWIFT_COMPILATION_MODE = wholemodule;
				VALIDATE_PRODUCT = YES;
			};
			name = Release;
		};
		3F60413B2ADEA09D0000E25C /* Debug */ = {
			isa = XCBuildConfiguration;
			buildSettings = {
				ASSETCATALOG_COMPILER_APPICON_NAME = AppIcon;
				ASSETCATALOG_COMPILER_GLOBAL_ACCENT_COLOR_NAME = AccentColor;
				CODE_SIGN_STYLE = Automatic;
				CURRENT_PROJECT_VERSION = 1;
				DEVELOPMENT_ASSET_PATHS = "\"Lab4/Preview Content\"";
				ENABLE_PREVIEWS = YES;
				GENERATE_INFOPLIST_FILE = YES;
				INFOPLIST_KEY_UIApplicationSceneManifest_Generation = YES;
				INFOPLIST_KEY_UIApplicationSupportsIndirectInputEvents = YES;
				INFOPLIST_KEY_UILaunchScreen_Generation = YES;
				INFOPLIST_KEY_UISupportedInterfaceOrientations_iPad = "UIInterfaceOrientationPortrait UIInterfaceOrientationPortraitUpsideDown UIInterfaceOrientationLandscapeLeft UIInterfaceOrientationLandscapeRight";
				INFOPLIST_KEY_UISupportedInterfaceOrientations_iPhone = "UIInterfaceOrientationPortrait UIInterfaceOrientationLandscapeLeft UIInterfaceOrientationLandscapeRight";
				LD_RUNPATH_SEARCH_PATHS = (
					"$(inherited)",
					"@executable_path/Frameworks",
				);
				MARKETING_VERSION = 1.0;
				PRODUCT_BUNDLE_IDENTIFIER = pollub.Lab4;
				PRODUCT_NAME = "$(TARGET_NAME)";
				SWIFT_EMIT_LOC_STRINGS = YES;
				SWIFT_VERSION = 5.0;
				TARGETED_DEVICE_FAMILY = "1,2";
			};
			name = Debug;
		};
		3F60413C2ADEA09D0000E25C /* Release */ = {
			isa = XCBuildConfiguration;
			buildSettings = {
				ASSETCATALOG_COMPILER_APPICON_NAME = AppIcon;
				ASSETCATALOG_COMPILER_GLOBAL_ACCENT_COLOR_NAME = AccentColor;
				CODE_SIGN_STYLE = Automatic;
				CURRENT_PROJECT_VERSION = 1;
				DEVELOPMENT_ASSET_PATHS = "\"Lab4/Preview Content\"";
				ENABLE_PREVIEWS = YES;
				GENERATE_INFOPLIST_FILE = YES;
				INFOPLIST_KEY_UIApplicationSceneManifest_Generation = YES;
				INFOPLIST_KEY_UIApplicationSupportsIndirectInputEvents = YES;
				INFOPLIST_KEY_UILaunchScreen_Generation = YES;
				INFOPLIST_KEY_UISupportedInterfaceOrientations_iPad = "UIInterfaceOrientationPortrait UIInterfaceOrientationPortraitUpsideDown UIInterfaceOrientationLandscapeLeft UIInterfaceOrientationLandscapeRight";
				INFOPLIST_KEY_UISupportedInterfaceOrientations_iPhone = "UIInterfaceOrientationPortrait UIInterfaceOrientationLandscapeLeft UIInterfaceOrientationLandscapeRight";
				LD_RUNPATH_SEARCH_PATHS = (
					"$(inherited)",
					"@executable_path/Frameworks",
				);
				MARKETING_VERSION = 1.0;
				PRODUCT_BUNDLE_IDENTIFIER = pollub.Lab4;
				PRODUCT_NAME = "$(TARGET_NAME)";
				SWIFT_EMIT_LOC_STRINGS = YES;
				SWIFT_VERSION = 5.0;
				TARGETED_DEVICE_FAMILY = "1,2";
			};
			name = Release;
		};
		3F60413E2ADEA09D0000E25C /* Debug */ = {
			isa = XCBuildConfiguration;
			buildSettings = {
				ALWAYS_EMBED_SWIFT_STANDARD_LIBRARIES = YES;
				BUNDLE_LOADER = "$(TEST_HOST)";
				CODE_SIGN_STYLE = Automatic;
				CURRENT_PROJECT_VERSION = 1;
				GENERATE_INFOPLIST_FILE = YES;
				IPHONEOS_DEPLOYMENT_TARGET = 17.0;
				MARKETING_VERSION = 1.0;
				PRODUCT_BUNDLE_IDENTIFIER = pollub.Lab4Tests;
				PRODUCT_NAME = "$(TARGET_NAME)";
				SWIFT_EMIT_LOC_STRINGS = NO;
				SWIFT_VERSION = 5.0;
				TARGETED_DEVICE_FAMILY = "1,2";
				TEST_HOST = "$(BUILT_PRODUCTS_DIR)/Lab4.app/$(BUNDLE_EXECUTABLE_FOLDER_PATH)/Lab4";
			};
			name = Debug;
		};
		3F60413F2ADEA09D0000E25C /* Release */ = {
			isa = XCBuildConfiguration;
			buildSettings = {
				ALWAYS_EMBED_SWIFT_STANDARD_LIBRARIES = YES;
				BUNDLE_LOADER = "$(TEST_HOST)";
				CODE_SIGN_STYLE = Automatic;
				CURRENT_PROJECT_VERSION = 1;
				GENERATE_INFOPLIST_FILE = YES;
				IPHONEOS_DEPLOYMENT_TARGET = 17.0;
				MARKETING_VERSION = 1.0;
				PRODUCT_BUNDLE_IDENTIFIER = pollub.Lab4Tests;
				PRODUCT_NAME = "$(TARGET_NAME)";
				SWIFT_EMIT_LOC_STRINGS = NO;
				SWIFT_VERSION = 5.0;
				TARGETED_DEVICE_FAMILY = "1,2";
				TEST_HOST = "$(BUILT_PRODUCTS_DIR)/Lab4.app/$(BUNDLE_EXECUTABLE_FOLDER_PATH)/Lab4";
			};
			name = Release;
		};
		3F6041412ADEA09D0000E25C /* Debug */ = {
			isa = XCBuildConfiguration;
			buildSettings = {
				ALWAYS_EMBED_SWIFT_STANDARD_LIBRARIES = YES;
				CODE_SIGN_STYLE = Automatic;
				CURRENT_PROJECT_VERSION = 1;
				GENERATE_INFOPLIST_FILE = YES;
				MARKETING_VERSION = 1.0;
				PRODUCT_BUNDLE_IDENTIFIER = pollub.Lab4UITests;
				PRODUCT_NAME = "$(TARGET_NAME)";
				SWIFT_EMIT_LOC_STRINGS = NO;
				SWIFT_VERSION = 5.0;
				TARGETED_DEVICE_FAMILY = "1,2";
				TEST_TARGET_NAME = Lab4;
			};
			name = Debug;
		};
		3F6041422ADEA09D0000E25C /* Release */ = {
			isa = XCBuildConfiguration;
			buildSettings = {
				ALWAYS_EMBED_SWIFT_STANDARD_LIBRARIES = YES;
				CODE_SIGN_STYLE = Automatic;
				CURRENT_PROJECT_VERSION = 1;
				GENERATE_INFOPLIST_FILE = YES;
				MARKETING_VERSION = 1.0;
				PRODUCT_BUNDLE_IDENTIFIER = pollub.Lab4UITests;
				PRODUCT_NAME = "$(TARGET_NAME)";
				SWIFT_EMIT_LOC_STRINGS = NO;
				SWIFT_VERSION = 5.0;
				TARGETED_DEVICE_FAMILY = "1,2";
				TEST_TARGET_NAME = Lab4;
			};
			name = Release;
		};
/* End XCBuildConfiguration section */

/* Begin XCConfigurationList section */
		3F6041112ADEA09B0000E25C /* Build configuration list for PBXProject "Lab4" */ = {
			isa = XCConfigurationList;
			buildConfigurations = (
				3F6041382ADEA09D0000E25C /* Debug */,
				3F6041392ADEA09D0000E25C /* Release */,
			);
			defaultConfigurationIsVisible = 0;
			defaultConfigurationName = Release;
		};
		3F60413A2ADEA09D0000E25C /* Build configuration list for PBXNativeTarget "Lab4" */ = {
			isa = XCConfigurationList;
			buildConfigurations = (
				3F60413B2ADEA09D0000E25C /* Debug */,
				3F60413C2ADEA09D0000E25C /* Release */,
			);
			defaultConfigurationIsVisible = 0;
			defaultConfigurationName = Release;
		};
		3F60413D2ADEA09D0000E25C /* Build configuration list for PBXNativeTarget "Lab4Tests" */ = {
			isa = XCConfigurationList;
			buildConfigurations = (
				3F60413E2ADEA09D0000E25C /* Debug */,
				3F60413F2ADEA09D0000E25C /* Release */,
			);
			defaultConfigurationIsVisible = 0;
			defaultConfigurationName = Release;
		};
		3F6041402ADEA09D0000E25C /* Build configuration list for PBXNativeTarget "Lab4UITests" */ = {
			isa = XCConfigurationList;
			buildConfigurations = (
				3F6041412ADEA09D0000E25C /* Debug */,
				3F6041422ADEA09D0000E25C /* Release */,
			);
			defaultConfigurationIsVisible = 0;
			defaultConfigurationName = Release;
		};
/* End XCConfigurationList section */
	};
	rootObject = 3F60410E2ADEA09B0000E25C /* Project object */;
}
